// !$*UTF8*$!
{
	archiveVersion = 1;
	classes = {
	};
	objectVersion = 51;
	objects = {

/* Begin PBXBuildFile section */
		A848B15E259DA66D007CF631 /* Business.swift in Sources */ = {isa = PBXBuildFile; fileRef = A848B15C259DA653007CF631 /* Business.swift */; };
		A848B160259DA739007CF631 /* FetchBusinessData.swift in Sources */ = {isa = PBXBuildFile; fileRef = A848B15F259DA739007CF631 /* FetchBusinessData.swift */; };
		A8564B612599CD700045E885 /* AppDelegate.swift in Sources */ = {isa = PBXBuildFile; fileRef = A8564B602599CD700045E885 /* AppDelegate.swift */; };
		A8564B632599CD700045E885 /* SceneDelegate.swift in Sources */ = {isa = PBXBuildFile; fileRef = A8564B622599CD700045E885 /* SceneDelegate.swift */; };
		A8564B682599CD700045E885 /* Main.storyboard in Resources */ = {isa = PBXBuildFile; fileRef = A8564B662599CD700045E885 /* Main.storyboard */; };
		A8564B6A2599CD7D0045E885 /* Assets.xcassets in Resources */ = {isa = PBXBuildFile; fileRef = A8564B692599CD7D0045E885 /* Assets.xcassets */; };
		A8564B6D2599CD7D0045E885 /* LaunchScreen.storyboard in Resources */ = {isa = PBXBuildFile; fileRef = A8564B6B2599CD7D0045E885 /* LaunchScreen.storyboard */; };
		A8564B782599CF370045E885 /* HomeViewController.swift in Sources */ = {isa = PBXBuildFile; fileRef = A8564B772599CF370045E885 /* HomeViewController.swift */; };
		A8564B7C2599D1C00045E885 /* TacoTableViewCell.swift in Sources */ = {isa = PBXBuildFile; fileRef = A8564B7B2599D1C00045E885 /* TacoTableViewCell.swift */; };
		A8D193C0259EAEE1004B14B9 /* RoundedImageView.swift in Sources */ = {isa = PBXBuildFile; fileRef = A8D193BF259EAEE1004B14B9 /* RoundedImageView.swift */; };
		A8D193C2259EB0F1004B14B9 /* BusinessDetailTableViewController.swift in Sources */ = {isa = PBXBuildFile; fileRef = A8D193C1259EB0F1004B14B9 /* BusinessDetailTableViewController.swift */; };
		A8D193C425A2DF4A004B14B9 /* CustomButton.swift in Sources */ = {isa = PBXBuildFile; fileRef = A8D193C325A2DF4A004B14B9 /* CustomButton.swift */; };
		A8D193C625A2F2CA004B14B9 /* CustomUIView.swift in Sources */ = {isa = PBXBuildFile; fileRef = A8D193C525A2F2C9004B14B9 /* CustomUIView.swift */; };
		E93868E885A2307EBE033D0A /* Pods_TacoSpots.framework in Frameworks */ = {isa = PBXBuildFile; fileRef = D2576C2C59CAA960520711AE /* Pods_TacoSpots.framework */; };
/* End PBXBuildFile section */

/* Begin PBXFileReference section */
		A848B15C259DA653007CF631 /* Business.swift */ = {isa = PBXFileReference; explicitFileType = sourcecode.swift; name = Business.swift; path = ../../../../../../../Documents/Business.swift; sourceTree = "<group>"; };
		A848B15F259DA739007CF631 /* FetchBusinessData.swift */ = {isa = PBXFileReference; lastKnownFileType = sourcecode.swift; path = FetchBusinessData.swift; sourceTree = "<group>"; };
		A8564B5D2599CD700045E885 /* TacoSpots.app */ = {isa = PBXFileReference; explicitFileType = wrapper.application; includeInIndex = 0; path = TacoSpots.app; sourceTree = BUILT_PRODUCTS_DIR; };
		A8564B602599CD700045E885 /* AppDelegate.swift */ = {isa = PBXFileReference; lastKnownFileType = sourcecode.swift; path = AppDelegate.swift; sourceTree = "<group>"; };
		A8564B622599CD700045E885 /* SceneDelegate.swift */ = {isa = PBXFileReference; lastKnownFileType = sourcecode.swift; path = SceneDelegate.swift; sourceTree = "<group>"; };
		A8564B672599CD700045E885 /* Base */ = {isa = PBXFileReference; lastKnownFileType = file.storyboard; name = Base; path = Base.lproj/Main.storyboard; sourceTree = "<group>"; };
		A8564B692599CD7D0045E885 /* Assets.xcassets */ = {isa = PBXFileReference; lastKnownFileType = folder.assetcatalog; path = Assets.xcassets; sourceTree = "<group>"; };
		A8564B6C2599CD7D0045E885 /* Base */ = {isa = PBXFileReference; lastKnownFileType = file.storyboard; name = Base; path = Base.lproj/LaunchScreen.storyboard; sourceTree = "<group>"; };
		A8564B6E2599CD7D0045E885 /* Info.plist */ = {isa = PBXFileReference; lastKnownFileType = text.plist.xml; path = Info.plist; sourceTree = "<group>"; };
		A8564B772599CF370045E885 /* HomeViewController.swift */ = {isa = PBXFileReference; lastKnownFileType = sourcecode.swift; path = HomeViewController.swift; sourceTree = "<group>"; };
		A8564B7B2599D1C00045E885 /* TacoTableViewCell.swift */ = {isa = PBXFileReference; lastKnownFileType = sourcecode.swift; path = TacoTableViewCell.swift; sourceTree = "<group>"; };
		A8D193BF259EAEE1004B14B9 /* RoundedImageView.swift */ = {isa = PBXFileReference; lastKnownFileType = sourcecode.swift; path = RoundedImageView.swift; sourceTree = "<group>"; };
		A8D193C1259EB0F1004B14B9 /* BusinessDetailTableViewController.swift */ = {isa = PBXFileReference; lastKnownFileType = sourcecode.swift; path = BusinessDetailTableViewController.swift; sourceTree = "<group>"; };
		A8D193C325A2DF4A004B14B9 /* CustomButton.swift */ = {isa = PBXFileReference; lastKnownFileType = sourcecode.swift; path = CustomButton.swift; sourceTree = "<group>"; };
		A8D193C525A2F2C9004B14B9 /* CustomUIView.swift */ = {isa = PBXFileReference; lastKnownFileType = sourcecode.swift; path = CustomUIView.swift; sourceTree = "<group>"; };
		D23167B2537FF3FD79513981 /* Pods-TacoSpots.release.xcconfig */ = {isa = PBXFileReference; includeInIndex = 1; lastKnownFileType = text.xcconfig; name = "Pods-TacoSpots.release.xcconfig"; path = "Target Support Files/Pods-TacoSpots/Pods-TacoSpots.release.xcconfig"; sourceTree = "<group>"; };
		D2576C2C59CAA960520711AE /* Pods_TacoSpots.framework */ = {isa = PBXFileReference; explicitFileType = wrapper.framework; includeInIndex = 0; path = Pods_TacoSpots.framework; sourceTree = BUILT_PRODUCTS_DIR; };
		E43E009A2E84A591425B45C7 /* Pods-TacoSpots.debug.xcconfig */ = {isa = PBXFileReference; includeInIndex = 1; lastKnownFileType = text.xcconfig; name = "Pods-TacoSpots.debug.xcconfig"; path = "Target Support Files/Pods-TacoSpots/Pods-TacoSpots.debug.xcconfig"; sourceTree = "<group>"; };
/* End PBXFileReference section */

/* Begin PBXFrameworksBuildPhase section */
		A8564B5A2599CD700045E885 /* Frameworks */ = {
			isa = PBXFrameworksBuildPhase;
			buildActionMask = 2147483647;
			files = (
				E93868E885A2307EBE033D0A /* Pods_TacoSpots.framework in Frameworks */,
			);
			runOnlyForDeploymentPostprocessing = 0;
		};
/* End PBXFrameworksBuildPhase section */

/* Begin PBXGroup section */
		13A8BDF7CBCC3C9720DB1CF1 /* Frameworks */ = {
			isa = PBXGroup;
			children = (
				D2576C2C59CAA960520711AE /* Pods_TacoSpots.framework */,
			);
			name = Frameworks;
			sourceTree = "<group>";
		};
		36585E2B2D3077D9BE905977 /* Pods */ = {
			isa = PBXGroup;
			children = (
				E43E009A2E84A591425B45C7 /* Pods-TacoSpots.debug.xcconfig */,
				D23167B2537FF3FD79513981 /* Pods-TacoSpots.release.xcconfig */,
			);
			path = Pods;
			sourceTree = "<group>";
		};
		A8564B542599CD6F0045E885 = {
			isa = PBXGroup;
			children = (
				A8564B5F2599CD700045E885 /* TacoSpots */,
				A8564B5E2599CD700045E885 /* Products */,
				36585E2B2D3077D9BE905977 /* Pods */,
				13A8BDF7CBCC3C9720DB1CF1 /* Frameworks */,
			);
			sourceTree = "<group>";
		};
		A8564B5E2599CD700045E885 /* Products */ = {
			isa = PBXGroup;
			children = (
				A8564B5D2599CD700045E885 /* TacoSpots.app */,
			);
			name = Products;
			sourceTree = "<group>";
		};
		A8564B5F2599CD700045E885 /* TacoSpots */ = {
			isa = PBXGroup;
			children = (
				A8564B762599CEAD0045E885 /* Controller */,
				A8564B752599CEA40045E885 /* View */,
				A8564B742599CE980045E885 /* Model */,
				A8564B602599CD700045E885 /* AppDelegate.swift */,
				A8564B622599CD700045E885 /* SceneDelegate.swift */,
				A8564B662599CD700045E885 /* Main.storyboard */,
				A8564B692599CD7D0045E885 /* Assets.xcassets */,
				A8564B6B2599CD7D0045E885 /* LaunchScreen.storyboard */,
				A8564B6E2599CD7D0045E885 /* Info.plist */,
			);
			path = TacoSpots;
			sourceTree = "<group>";
		};
		A8564B742599CE980045E885 /* Model */ = {
			isa = PBXGroup;
			children = (
				A848B15C259DA653007CF631 /* Business.swift */,
			);
			path = Model;
			sourceTree = "<group>";
		};
		A8564B752599CEA40045E885 /* View */ = {
			isa = PBXGroup;
			children = (
				A8564B7B2599D1C00045E885 /* TacoTableViewCell.swift */,
				A8D193BF259EAEE1004B14B9 /* RoundedImageView.swift */,
				A8D193C325A2DF4A004B14B9 /* CustomButton.swift */,
				A8D193C525A2F2C9004B14B9 /* CustomUIView.swift */,
			);
			path = View;
			sourceTree = "<group>";
		};
		A8564B762599CEAD0045E885 /* Controller */ = {
			isa = PBXGroup;
			children = (
				A8564B772599CF370045E885 /* HomeViewController.swift */,
				A848B15F259DA739007CF631 /* FetchBusinessData.swift */,
				A8D193C1259EB0F1004B14B9 /* BusinessDetailTableViewController.swift */,
			);
			path = Controller;
			sourceTree = "<group>";
		};
/* End PBXGroup section */

/* Begin PBXNativeTarget section */
		A8564B5C2599CD700045E885 /* TacoSpots */ = {
			isa = PBXNativeTarget;
			buildConfigurationList = A8564B712599CD7D0045E885 /* Build configuration list for PBXNativeTarget "TacoSpots" */;
			buildPhases = (
				028D13A1D78F658DE4B9E2F2 /* [CP] Check Pods Manifest.lock */,
				A8564B592599CD700045E885 /* Sources */,
				A8564B5A2599CD700045E885 /* Frameworks */,
				A8564B5B2599CD700045E885 /* Resources */,
				B812C330C4C909E472CEA1EB /* [CP] Embed Pods Frameworks */,
			);
			buildRules = (
			);
			dependencies = (
			);
			name = TacoSpots;
			productName = TacoFinder;
			productReference = A8564B5D2599CD700045E885 /* TacoSpots.app */;
			productType = "com.apple.product-type.application";
		};
/* End PBXNativeTarget section */

/* Begin PBXProject section */
		A8564B552599CD6F0045E885 /* Project object */ = {
			isa = PBXProject;
			attributes = {
				LastSwiftUpdateCheck = 1140;
				LastUpgradeCheck = 1140;
				ORGANIZATIONNAME = "Luis Calvillo";
				TargetAttributes = {
					A8564B5C2599CD700045E885 = {
						CreatedOnToolsVersion = 11.4;
					};
				};
			};
			buildConfigurationList = A8564B582599CD700045E885 /* Build configuration list for PBXProject "TacoSpots" */;
			compatibilityVersion = "Xcode 9.3";
			developmentRegion = en;
			hasScannedForEncodings = 0;
			knownRegions = (
				en,
				Base,
			);
			mainGroup = A8564B542599CD6F0045E885;
			productRefGroup = A8564B5E2599CD700045E885 /* Products */;
			projectDirPath = "";
			projectRoot = "";
			targets = (
				A8564B5C2599CD700045E885 /* TacoSpots */,
			);
		};
/* End PBXProject section */

/* Begin PBXResourcesBuildPhase section */
		A8564B5B2599CD700045E885 /* Resources */ = {
			isa = PBXResourcesBuildPhase;
			buildActionMask = 2147483647;
			files = (
				A8564B6D2599CD7D0045E885 /* LaunchScreen.storyboard in Resources */,
				A8564B6A2599CD7D0045E885 /* Assets.xcassets in Resources */,
				A8564B682599CD700045E885 /* Main.storyboard in Resources */,
			);
			runOnlyForDeploymentPostprocessing = 0;
		};
/* End PBXResourcesBuildPhase section */

/* Begin PBXShellScriptBuildPhase section */
		028D13A1D78F658DE4B9E2F2 /* [CP] Check Pods Manifest.lock */ = {
			isa = PBXShellScriptBuildPhase;
			buildActionMask = 2147483647;
			files = (
			);
			inputFileListPaths = (
			);
			inputPaths = (
				"${PODS_PODFILE_DIR_PATH}/Podfile.lock",
				"${PODS_ROOT}/Manifest.lock",
			);
			name = "[CP] Check Pods Manifest.lock";
			outputFileListPaths = (
			);
			outputPaths = (
				"$(DERIVED_FILE_DIR)/Pods-TacoSpots-checkManifestLockResult.txt",
			);
			runOnlyForDeploymentPostprocessing = 0;
			shellPath = /bin/sh;
			shellScript = "diff \"${PODS_PODFILE_DIR_PATH}/Podfile.lock\" \"${PODS_ROOT}/Manifest.lock\" > /dev/null\nif [ $? != 0 ] ; then\n    # print error to STDERR\n    echo \"error: The sandbox is not in sync with the Podfile.lock. Run 'pod install' or update your CocoaPods installation.\" >&2\n    exit 1\nfi\n# This output is used by Xcode 'outputs' to avoid re-running this script phase.\necho \"SUCCESS\" > \"${SCRIPT_OUTPUT_FILE_0}\"\n";
			showEnvVarsInLog = 0;
		};
		B812C330C4C909E472CEA1EB /* [CP] Embed Pods Frameworks */ = {
			isa = PBXShellScriptBuildPhase;
			buildActionMask = 2147483647;
			files = (
			);
			inputFileListPaths = (
				"${PODS_ROOT}/Target Support Files/Pods-TacoSpots/Pods-TacoSpots-frameworks-${CONFIGURATION}-input-files.xcfilelist",
			);
			name = "[CP] Embed Pods Frameworks";
			outputFileListPaths = (
				"${PODS_ROOT}/Target Support Files/Pods-TacoSpots/Pods-TacoSpots-frameworks-${CONFIGURATION}-output-files.xcfilelist",
			);
			runOnlyForDeploymentPostprocessing = 0;
			shellPath = /bin/sh;
			shellScript = "\"${PODS_ROOT}/Target Support Files/Pods-TacoSpots/Pods-TacoSpots-frameworks.sh\"\n";
			showEnvVarsInLog = 0;
		};
/* End PBXShellScriptBuildPhase section */

/* Begin PBXSourcesBuildPhase section */
		A8564B592599CD700045E885 /* Sources */ = {
			isa = PBXSourcesBuildPhase;
			buildActionMask = 2147483647;
			files = (
				A8D193C2259EB0F1004B14B9 /* BusinessDetailTableViewController.swift in Sources */,
				A8D193C625A2F2CA004B14B9 /* CustomUIView.swift in Sources */,
				A848B160259DA739007CF631 /* FetchBusinessData.swift in Sources */,
				A8D193C425A2DF4A004B14B9 /* CustomButton.swift in Sources */,
				A8564B612599CD700045E885 /* AppDelegate.swift in Sources */,
				A8564B632599CD700045E885 /* SceneDelegate.swift in Sources */,
				A8564B7C2599D1C00045E885 /* TacoTableViewCell.swift in Sources */,
				A848B15E259DA66D007CF631 /* Business.swift in Sources */,
				A8564B782599CF370045E885 /* HomeViewController.swift in Sources */,
				A8D193C0259EAEE1004B14B9 /* RoundedImageView.swift in Sources */,
			);
			runOnlyForDeploymentPostprocessing = 0;
		};
/* End PBXSourcesBuildPhase section */

/* Begin PBXVariantGroup section */
		A8564B662599CD700045E885 /* Main.storyboard */ = {
			isa = PBXVariantGroup;
			children = (
				A8564B672599CD700045E885 /* Base */,
			);
			name = Main.storyboard;
			sourceTree = "<group>";
		};
		A8564B6B2599CD7D0045E885 /* LaunchScreen.storyboard */ = {
			isa = PBXVariantGroup;
			children = (
				A8564B6C2599CD7D0045E885 /* Base */,
			);
			name = LaunchScreen.storyboard;
			sourceTree = "<group>";
		};
/* End PBXVariantGroup section */

/* Begin XCBuildConfiguration section */
		A8564B6F2599CD7D0045E885 /* Debug */ = {
			isa = XCBuildConfiguration;
			buildSettings = {
				ALWAYS_SEARCH_USER_PATHS = NO;
				CLANG_ANALYZER_NONNULL = YES;
				CLANG_ANALYZER_NUMBER_OBJECT_CONVERSION = YES_AGGRESSIVE;
				CLANG_CXX_LANGUAGE_STANDARD = "gnu++14";
				CLANG_CXX_LIBRARY = "libc++";
				CLANG_ENABLE_MODULES = YES;
				CLANG_ENABLE_OBJC_ARC = YES;
				CLANG_ENABLE_OBJC_WEAK = YES;
				CLANG_WARN_BLOCK_CAPTURE_AUTORELEASING = YES;
				CLANG_WARN_BOOL_CONVERSION = YES;
				CLANG_WARN_COMMA = YES;
				CLANG_WARN_CONSTANT_CONVERSION = YES;
				CLANG_WARN_DEPRECATED_OBJC_IMPLEMENTATIONS = YES;
				CLANG_WARN_DIRECT_OBJC_ISA_USAGE = YES_ERROR;
				CLANG_WARN_DOCUMENTATION_COMMENTS = YES;
				CLANG_WARN_EMPTY_BODY = YES;
				CLANG_WARN_ENUM_CONVERSION = YES;
				CLANG_WARN_INFINITE_RECURSION = YES;
				CLANG_WARN_INT_CONVERSION = YES;
				CLANG_WARN_NON_LITERAL_NULL_CONVERSION = YES;
				CLANG_WARN_OBJC_IMPLICIT_RETAIN_SELF = YES;
				CLANG_WARN_OBJC_LITERAL_CONVERSION = YES;
				CLANG_WARN_OBJC_ROOT_CLASS = YES_ERROR;
				CLANG_WARN_RANGE_LOOP_ANALYSIS = YES;
				CLANG_WARN_STRICT_PROTOTYPES = YES;
				CLANG_WARN_SUSPICIOUS_MOVE = YES;
				CLANG_WARN_UNGUARDED_AVAILABILITY = YES_AGGRESSIVE;
				CLANG_WARN_UNREACHABLE_CODE = YES;
				CLANG_WARN__DUPLICATE_METHOD_MATCH = YES;
				COPY_PHASE_STRIP = NO;
				DEBUG_INFORMATION_FORMAT = dwarf;
				ENABLE_STRICT_OBJC_MSGSEND = YES;
				ENABLE_TESTABILITY = YES;
				GCC_C_LANGUAGE_STANDARD = gnu11;
				GCC_DYNAMIC_NO_PIC = NO;
				GCC_NO_COMMON_BLOCKS = YES;
				GCC_OPTIMIZATION_LEVEL = 0;
				GCC_PREPROCESSOR_DEFINITIONS = (
					"DEBUG=1",
					"$(inherited)",
				);
				GCC_WARN_64_TO_32_BIT_CONVERSION = YES;
				GCC_WARN_ABOUT_RETURN_TYPE = YES_ERROR;
				GCC_WARN_UNDECLARED_SELECTOR = YES;
				GCC_WARN_UNINITIALIZED_AUTOS = YES_AGGRESSIVE;
				GCC_WARN_UNUSED_FUNCTION = YES;
				GCC_WARN_UNUSED_VARIABLE = YES;
				IPHONEOS_DEPLOYMENT_TARGET = 13.4;
				MTL_ENABLE_DEBUG_INFO = INCLUDE_SOURCE;
				MTL_FAST_MATH = YES;
				ONLY_ACTIVE_ARCH = YES;
				SDKROOT = iphoneos;
				SWIFT_ACTIVE_COMPILATION_CONDITIONS = DEBUG;
				SWIFT_OPTIMIZATION_LEVEL = "-Onone";
			};
			name = Debug;
		};
		A8564B702599CD7D0045E885 /* Release */ = {
			isa = XCBuildConfiguration;
			buildSettings = {
				ALWAYS_SEARCH_USER_PATHS = NO;
				CLANG_ANALYZER_NONNULL = YES;
				CLANG_ANALYZER_NUMBER_OBJECT_CONVERSION = YES_AGGRESSIVE;
				CLANG_CXX_LANGUAGE_STANDARD = "gnu++14";
				CLANG_CXX_LIBRARY = "libc++";
				CLANG_ENABLE_MODULES = YES;
				CLANG_ENABLE_OBJC_ARC = YES;
				CLANG_ENABLE_OBJC_WEAK = YES;
				CLANG_WARN_BLOCK_CAPTURE_AUTORELEASING = YES;
				CLANG_WARN_BOOL_CONVERSION = YES;
				CLANG_WARN_COMMA = YES;
				CLANG_WARN_CONSTANT_CONVERSION = YES;
				CLANG_WARN_DEPRECATED_OBJC_IMPLEMENTATIONS = YES;
				CLANG_WARN_DIRECT_OBJC_ISA_USAGE = YES_ERROR;
				CLANG_WARN_DOCUMENTATION_COMMENTS = YES;
				CLANG_WARN_EMPTY_BODY = YES;
				CLANG_WARN_ENUM_CONVERSION = YES;
				CLANG_WARN_INFINITE_RECURSION = YES;
				CLANG_WARN_INT_CONVERSION = YES;
				CLANG_WARN_NON_LITERAL_NULL_CONVERSION = YES;
				CLANG_WARN_OBJC_IMPLICIT_RETAIN_SELF = YES;
				CLANG_WARN_OBJC_LITERAL_CONVERSION = YES;
				CLANG_WARN_OBJC_ROOT_CLASS = YES_ERROR;
				CLANG_WARN_RANGE_LOOP_ANALYSIS = YES;
				CLANG_WARN_STRICT_PROTOTYPES = YES;
				CLANG_WARN_SUSPICIOUS_MOVE = YES;
				CLANG_WARN_UNGUARDED_AVAILABILITY = YES_AGGRESSIVE;
				CLANG_WARN_UNREACHABLE_CODE = YES;
				CLANG_WARN__DUPLICATE_METHOD_MATCH = YES;
				COPY_PHASE_STRIP = NO;
				DEBUG_INFORMATION_FORMAT = "dwarf-with-dsym";
				ENABLE_NS_ASSERTIONS = NO;
				ENABLE_STRICT_OBJC_MSGSEND = YES;
				GCC_C_LANGUAGE_STANDARD = gnu11;
				GCC_NO_COMMON_BLOCKS = YES;
				GCC_WARN_64_TO_32_BIT_CONVERSION = YES;
				GCC_WARN_ABOUT_RETURN_TYPE = YES_ERROR;
				GCC_WARN_UNDECLARED_SELECTOR = YES;
				GCC_WARN_UNINITIALIZED_AUTOS = YES_AGGRESSIVE;
				GCC_WARN_UNUSED_FUNCTION = YES;
				GCC_WARN_UNUSED_VARIABLE = YES;
				IPHONEOS_DEPLOYMENT_TARGET = 13.4;
				MTL_ENABLE_DEBUG_INFO = NO;
				MTL_FAST_MATH = YES;
				SDKROOT = iphoneos;
				SWIFT_COMPILATION_MODE = wholemodule;
				SWIFT_OPTIMIZATION_LEVEL = "-O";
				VALIDATE_PRODUCT = YES;
			};
			name = Release;
		};
		A8564B722599CD7D0045E885 /* Debug */ = {
			isa = XCBuildConfiguration;
			baseConfigurationReference = E43E009A2E84A591425B45C7 /* Pods-TacoSpots.debug.xcconfig */;
			buildSettings = {
				ASSETCATALOG_COMPILER_APPICON_NAME = AppIcon;
				CODE_SIGN_STYLE = Automatic;
				CURRENT_PROJECT_VERSION = 3;
				DEVELOPMENT_TEAM = CKCH7MGXV3;
				INFOPLIST_FILE = TacoSpots/Info.plist;
				LD_RUNPATH_SEARCH_PATHS = (
					"$(inherited)",
					"@executable_path/Frameworks",
				);
				PRODUCT_BUNDLE_IDENTIFIER = com.luiscalvillo.tacospots;
				PRODUCT_NAME = "$(TARGET_NAME)";
				SWIFT_VERSION = 5.0;
				TARGETED_DEVICE_FAMILY = 1;
			};
			name = Debug;
		};
		A8564B732599CD7D0045E885 /* Release */ = {
			isa = XCBuildConfiguration;
			baseConfigurationReference = D23167B2537FF3FD79513981 /* Pods-TacoSpots.release.xcconfig */;
			buildSettings = {
				ASSETCATALOG_COMPILER_APPICON_NAME = AppIcon;
				CODE_SIGN_STYLE = Automatic;
				CURRENT_PROJECT_VERSION = 3;
				DEVELOPMENT_TEAM = CKCH7MGXV3;
				INFOPLIST_FILE = TacoSpots/Info.plist;
				LD_RUNPATH_SEARCH_PATHS = (
					"$(inherited)",
					"@executable_path/Frameworks",
				);
				PRODUCT_BUNDLE_IDENTIFIER = com.luiscalvillo.tacospots;
				PRODUCT_NAME = "$(TARGET_NAME)";
				SWIFT_VERSION = 5.0;
				TARGETED_DEVICE_FAMILY = 1;
			};
			name = Release;
		};
/* End XCBuildConfiguration section */

/* Begin XCConfigurationList section */
		A8564B582599CD700045E885 /* Build configuration list for PBXProject "TacoSpots" */ = {
			isa = XCConfigurationList;
			buildConfigurations = (
				A8564B6F2599CD7D0045E885 /* Debug */,
				A8564B702599CD7D0045E885 /* Release */,
			);
			defaultConfigurationIsVisible = 0;
			defaultConfigurationName = Release;
		};
		A8564B712599CD7D0045E885 /* Build configuration list for PBXNativeTarget "TacoSpots" */ = {
			isa = XCConfigurationList;
			buildConfigurations = (
				A8564B722599CD7D0045E885 /* Debug */,
				A8564B732599CD7D0045E885 /* Release */,
			);
			defaultConfigurationIsVisible = 0;
			defaultConfigurationName = Release;
		};
/* End XCConfigurationList section */
	};
	rootObject = A8564B552599CD6F0045E885 /* Project object */;
}
